
Microsoft Visual Studio Solution File, Format Version 12.00
# Visual Studio Version 17
VisualStudioVersion = 17.8.34511.84
MinimumVisualStudioVersion = 10.0.40219.1
Project("{FAE04EC0-301F-11D3-BF4B-00C04F79EFBC}") = "Tiendita", "Tiendita\Tiendita.csproj", "{C0D6B0E3-3B9F-4F4A-B770-3DA31F664AE1}"
EndProject
Project("{FAE04EC0-301F-11D3-BF4B-00C04F79EFBC}") = "Manejador", "Manejador\Manejador.csproj", "{57BE2827-DC58-4545-905B-65621DB28F16}"
EndProject
Project("{FAE04EC0-301F-11D3-BF4B-00C04F79EFBC}") = "AccesoDatos", "AccesoDatos\AccesoDatos.csproj", "{5A9D163B-111A-456E-8514-6A949681C255}"
EndProject
Global
	GlobalSection(SolutionConfigurationPlatforms) = preSolution
		Debug|Any CPU = Debug|Any CPU
		Release|Any CPU = Release|Any CPU
	EndGlobalSection
	GlobalSection(ProjectConfigurationPlatforms) = postSolution
		{C0D6B0E3-3B9F-4F4A-B770-3DA31F664AE1}.Debug|Any CPU.ActiveCfg = Debug|Any CPU
		{C0D6B0E3-3B9F-4F4A-B770-3DA31F664AE1}.Debug|Any CPU.Build.0 = Debug|Any CPU
		{C0D6B0E3-3B9F-4F4A-B770-3DA31F664AE1}.Release|Any CPU.ActiveCfg = Release|Any CPU
		{C0D6B0E3-3B9F-4F4A-B770-3DA31F664AE1}.Release|Any CPU.Build.0 = Release|Any CPU
		{57BE2827-DC58-4545-905B-65621DB28F16}.Debug|Any CPU.ActiveCfg = Debug|Any CPU
		{57BE2827-DC58-4545-905B-65621DB28F16}.Debug|Any CPU.Build.0 = Debug|Any CPU
		{57BE2827-DC58-4545-905B-65621DB28F16}.Release|Any CPU.ActiveCfg = Release|Any CPU
		{57BE2827-DC58-4545-905B-65621DB28F16}.Release|Any CPU.Build.0 = Release|Any CPU
		{5A9D163B-111A-456E-8514-6A949681C255}.Debug|Any CPU.ActiveCfg = Debug|Any CPU
		{5A9D163B-111A-456E-8514-6A949681C255}.Debug|Any CPU.Build.0 = Debug|Any CPU
		{5A9D163B-111A-456E-8514-6A949681C255}.Release|Any CPU.ActiveCfg = Release|Any CPU
		{5A9D163B-111A-456E-8514-6A949681C255}.Release|Any CPU.Build.0 = Release|Any CPU
	EndGlobalSection
	GlobalSection(SolutionProperties) = preSolution
		HideSolutionNode = FALSE
	EndGlobalSection
	GlobalSection(ExtensibilityGlobals) = postSolution
		SolutionGuid = {DF9B1C0F-6C8A-456F-9CBE-5F12E9EE15C4}
	EndGlobalSection
EndGlobal
